
Microsoft Visual Studio Solution File, Format Version 12.00
# Visual Studio 15
VisualStudioVersion = 15.0.27428.2015
MinimumVisualStudioVersion = 10.0.40219.1
Project("{FAE04EC0-301F-11D3-BF4B-00C04F79EFBC}") = "BarcodeGeneratorDemo", "BarcodeGeneratorDemo.csproj", "{D4220E3B-B30A-4012-848E-01A56935EAF3}"
EndProject
Global
	GlobalSection(SolutionConfigurationPlatforms) = preSolution
		Debug|Any CPU = Debug|Any CPU
		Release|Any CPU = Release|Any CPU
	EndGlobalSection
	GlobalSection(ProjectConfigurationPlatforms) = postSolution
		{D4220E3B-B30A-4012-848E-01A56935EAF3}.Debug|Any CPU.ActiveCfg = Debug|Any CPU
		{D4220E3B-B30A-4012-848E-01A56935EAF3}.Debug|Any CPU.Build.0 = Debug|Any CPU
		{D4220E3B-B30A-4012-848E-01A56935EAF3}.Debug|Any CPU.Deploy.0 = Debug|Any CPU
		{D4220E3B-B30A-4012-848E-01A56935EAF3}.Release|Any CPU.ActiveCfg = Release|Any CPU
		{D4220E3B-B30A-4012-848E-01A56935EAF3}.Release|Any CPU.Build.0 = Release|Any CPU
		{D4220E3B-B30A-4012-848E-01A56935EAF3}.Release|Any CPU.Deploy.0 = Release|Any CPU
	EndGlobalSection
	GlobalSection(SolutionProperties) = preSolution
		HideSolutionNode = FALSE
	EndGlobalSection
	GlobalSection(ExtensibilityGlobals) = postSolution
		SolutionGuid = {0331C36F-83D0-4938-92A1-FC1F16BD2B56}
	EndGlobalSection
EndGlobal
